
Microsoft Visual Studio Solution File, Format Version 12.00
# Visual Studio Version 16
VisualStudioVersion = 16.0.29411.138
MinimumVisualStudioVersion = 10.0.40219.1
Project("{FAE04EC0-301F-11D3-BF4B-00C04F79EFBC}") = "UiPathDemoDesktopApp", "UiPathDemoDesktopApp\UiPathDemoDesktopApp.csproj", "{B74CA835-1D16-4F36-8082-5C630E8E29B9}"
EndProject
Global
	GlobalSection(SolutionConfigurationPlatforms) = preSolution
		Debug|Any CPU = Debug|Any CPU
		Release|Any CPU = Release|Any CPU
	EndGlobalSection
	GlobalSection(ProjectConfigurationPlatforms) = postSolution
		{B74CA835-1D16-4F36-8082-5C630E8E29B9}.Debug|Any CPU.ActiveCfg = Debug|Any CPU
		{B74CA835-1D16-4F36-8082-5C630E8E29B9}.Debug|Any CPU.Build.0 = Debug|Any CPU
		{B74CA835-1D16-4F36-8082-5C630E8E29B9}.Release|Any CPU.ActiveCfg = Release|Any CPU
		{B74CA835-1D16-4F36-8082-5C630E8E29B9}.Release|Any CPU.Build.0 = Release|Any CPU
	EndGlobalSection
	GlobalSection(SolutionProperties) = preSolution
		HideSolutionNode = FALSE
	EndGlobalSection
	GlobalSection(ExtensibilityGlobals) = postSolution
		SolutionGuid = {8B2D8842-6FE4-4994-BB4C-A5AB0C466762}
	EndGlobalSection
EndGlobal
